
Microsoft Visual Studio Solution File, Format Version 12.00
# Visual Studio Version 17
VisualStudioVersion = 17.7.34221.43
MinimumVisualStudioVersion = 10.0.40219.1
Project("{FAE04EC0-301F-11D3-BF4B-00C04F79EFBC}") = "BandaApplication", "BandaApplication\BandaApplication.csproj", "{5AEF557F-9CB2-4DC4-B7C4-396BBC5578CD}"
	ProjectSection(ProjectDependencies) = postProject
		{975D6C6C-6613-4F7C-871C-CE215680D01C} = {975D6C6C-6613-4F7C-871C-CE215680D01C}
		{D381BCCC-88E6-4968-AE9A-CA137C816818} = {D381BCCC-88E6-4968-AE9A-CA137C816818}
	EndProjectSection
EndProject
Project("{FAE04EC0-301F-11D3-BF4B-00C04F79EFBC}") = "Domain", "Domain\Domain.csproj", "{D381BCCC-88E6-4968-AE9A-CA137C816818}"
EndProject
Project("{FAE04EC0-301F-11D3-BF4B-00C04F79EFBC}") = "Application", "Application\Application.csproj", "{03BE61DF-92B8-41A9-B4BE-EA9C76209105}"
EndProject
Project("{FAE04EC0-301F-11D3-BF4B-00C04F79EFBC}") = "Repository", "Repository\Repository.csproj", "{975D6C6C-6613-4F7C-871C-CE215680D01C}"
EndProject
Global
	GlobalSection(SolutionConfigurationPlatforms) = preSolution
		Debug|Any CPU = Debug|Any CPU
		Release|Any CPU = Release|Any CPU
	EndGlobalSection
	GlobalSection(ProjectConfigurationPlatforms) = postSolution
		{5AEF557F-9CB2-4DC4-B7C4-396BBC5578CD}.Debug|Any CPU.ActiveCfg = Debug|Any CPU
		{5AEF557F-9CB2-4DC4-B7C4-396BBC5578CD}.Debug|Any CPU.Build.0 = Debug|Any CPU
		{5AEF557F-9CB2-4DC4-B7C4-396BBC5578CD}.Release|Any CPU.ActiveCfg = Release|Any CPU
		{5AEF557F-9CB2-4DC4-B7C4-396BBC5578CD}.Release|Any CPU.Build.0 = Release|Any CPU
		{D381BCCC-88E6-4968-AE9A-CA137C816818}.Debug|Any CPU.ActiveCfg = Debug|Any CPU
		{D381BCCC-88E6-4968-AE9A-CA137C816818}.Debug|Any CPU.Build.0 = Debug|Any CPU
		{D381BCCC-88E6-4968-AE9A-CA137C816818}.Release|Any CPU.ActiveCfg = Release|Any CPU
		{D381BCCC-88E6-4968-AE9A-CA137C816818}.Release|Any CPU.Build.0 = Release|Any CPU
		{03BE61DF-92B8-41A9-B4BE-EA9C76209105}.Debug|Any CPU.ActiveCfg = Debug|Any CPU
		{03BE61DF-92B8-41A9-B4BE-EA9C76209105}.Debug|Any CPU.Build.0 = Debug|Any CPU
		{03BE61DF-92B8-41A9-B4BE-EA9C76209105}.Release|Any CPU.ActiveCfg = Release|Any CPU
		{03BE61DF-92B8-41A9-B4BE-EA9C76209105}.Release|Any CPU.Build.0 = Release|Any CPU
		{975D6C6C-6613-4F7C-871C-CE215680D01C}.Debug|Any CPU.ActiveCfg = Debug|Any CPU
		{975D6C6C-6613-4F7C-871C-CE215680D01C}.Debug|Any CPU.Build.0 = Debug|Any CPU
		{975D6C6C-6613-4F7C-871C-CE215680D01C}.Release|Any CPU.ActiveCfg = Release|Any CPU
		{975D6C6C-6613-4F7C-871C-CE215680D01C}.Release|Any CPU.Build.0 = Release|Any CPU
	EndGlobalSection
	GlobalSection(SolutionProperties) = preSolution
		HideSolutionNode = FALSE
	EndGlobalSection
	GlobalSection(ExtensibilityGlobals) = postSolution
		SolutionGuid = {97C2EE2D-80CE-4DCE-B28B-55A6A385C783}
	EndGlobalSection
EndGlobal
